
Microsoft Visual Studio Solution File, Format Version 12.00
# Visual Studio Version 16
VisualStudioVersion = 16.0.31112.23
MinimumVisualStudioVersion = 10.0.40219.1
Project("{FAE04EC0-301F-11D3-BF4B-00C04F79EFBC}") = "Atividade1", "Atividade1\Atividade1.csproj", "{D004C5FB-08E0-441A-95D4-0946CC2D5950}"
EndProject
Global
	GlobalSection(SolutionConfigurationPlatforms) = preSolution
		Debug|Any CPU = Debug|Any CPU
		Release|Any CPU = Release|Any CPU
	EndGlobalSection
	GlobalSection(ProjectConfigurationPlatforms) = postSolution
		{D004C5FB-08E0-441A-95D4-0946CC2D5950}.Debug|Any CPU.ActiveCfg = Debug|Any CPU
		{D004C5FB-08E0-441A-95D4-0946CC2D5950}.Debug|Any CPU.Build.0 = Debug|Any CPU
		{D004C5FB-08E0-441A-95D4-0946CC2D5950}.Release|Any CPU.ActiveCfg = Release|Any CPU
		{D004C5FB-08E0-441A-95D4-0946CC2D5950}.Release|Any CPU.Build.0 = Release|Any CPU
	EndGlobalSection
	GlobalSection(SolutionProperties) = preSolution
		HideSolutionNode = FALSE
	EndGlobalSection
	GlobalSection(ExtensibilityGlobals) = postSolution
		SolutionGuid = {0DDA3FD4-C904-4EB9-AB1D-2693E7A18FA4}
	EndGlobalSection
EndGlobal
